
Microsoft Visual Studio Solution File, Format Version 12.00
# Visual Studio Version 17
VisualStudioVersion = 17.9.34728.123
MinimumVisualStudioVersion = 10.0.40219.1
Project("{FAE04EC0-301F-11D3-BF4B-00C04F79EFBC}") = "Presentacion", "Presentacion\Presentacion.csproj", "{C9EC9D32-249E-4CC8-B1D9-2DE77EFFFBB7}"
EndProject
Project("{FAE04EC0-301F-11D3-BF4B-00C04F79EFBC}") = "Aplicacion", "Aplicacion\Aplicacion.csproj", "{35364C01-6A27-46CA-8CF8-20EB4088971B}"
EndProject
Project("{FAE04EC0-301F-11D3-BF4B-00C04F79EFBC}") = "Dominio", "Dominio\Dominio.csproj", "{0456E63D-6E76-47BA-A228-267AE6561FAB}"
EndProject
Project("{FAE04EC0-301F-11D3-BF4B-00C04F79EFBC}") = "Persistencia de datos", "Persistencia de datos\Persistencia de datos.csproj", "{0AE94575-5501-49DE-81EB-FD166594D269}"
EndProject
Global
	GlobalSection(SolutionConfigurationPlatforms) = preSolution
		Debug|Any CPU = Debug|Any CPU
		Release|Any CPU = Release|Any CPU
	EndGlobalSection
	GlobalSection(ProjectConfigurationPlatforms) = postSolution
		{C9EC9D32-249E-4CC8-B1D9-2DE77EFFFBB7}.Debug|Any CPU.ActiveCfg = Debug|Any CPU
		{C9EC9D32-249E-4CC8-B1D9-2DE77EFFFBB7}.Debug|Any CPU.Build.0 = Debug|Any CPU
		{C9EC9D32-249E-4CC8-B1D9-2DE77EFFFBB7}.Release|Any CPU.ActiveCfg = Release|Any CPU
		{C9EC9D32-249E-4CC8-B1D9-2DE77EFFFBB7}.Release|Any CPU.Build.0 = Release|Any CPU
		{35364C01-6A27-46CA-8CF8-20EB4088971B}.Debug|Any CPU.ActiveCfg = Debug|Any CPU
		{35364C01-6A27-46CA-8CF8-20EB4088971B}.Debug|Any CPU.Build.0 = Debug|Any CPU
		{35364C01-6A27-46CA-8CF8-20EB4088971B}.Release|Any CPU.ActiveCfg = Release|Any CPU
		{35364C01-6A27-46CA-8CF8-20EB4088971B}.Release|Any CPU.Build.0 = Release|Any CPU
		{0456E63D-6E76-47BA-A228-267AE6561FAB}.Debug|Any CPU.ActiveCfg = Debug|Any CPU
		{0456E63D-6E76-47BA-A228-267AE6561FAB}.Debug|Any CPU.Build.0 = Debug|Any CPU
		{0456E63D-6E76-47BA-A228-267AE6561FAB}.Release|Any CPU.ActiveCfg = Release|Any CPU
		{0456E63D-6E76-47BA-A228-267AE6561FAB}.Release|Any CPU.Build.0 = Release|Any CPU
		{0AE94575-5501-49DE-81EB-FD166594D269}.Debug|Any CPU.ActiveCfg = Debug|Any CPU
		{0AE94575-5501-49DE-81EB-FD166594D269}.Debug|Any CPU.Build.0 = Debug|Any CPU
		{0AE94575-5501-49DE-81EB-FD166594D269}.Release|Any CPU.ActiveCfg = Release|Any CPU
		{0AE94575-5501-49DE-81EB-FD166594D269}.Release|Any CPU.Build.0 = Release|Any CPU
	EndGlobalSection
	GlobalSection(SolutionProperties) = preSolution
		HideSolutionNode = FALSE
	EndGlobalSection
	GlobalSection(ExtensibilityGlobals) = postSolution
		SolutionGuid = {95ED6FD1-3769-4E31-A61E-CDCB691AD51B}
	EndGlobalSection
EndGlobal
